// !$*UTF8*$!
{
	archiveVersion = 1;
	classes = {
	};
	objectVersion = 50;
	objects = {

/* Begin PBXBuildFile section */
		6AD5194526E5455300339D13 /* AppDelegate.swift in Sources */ = {isa = PBXBuildFile; fileRef = 6AD5194426E5455300339D13 /* AppDelegate.swift */; };
		6AD5194726E5455300339D13 /* SceneDelegate.swift in Sources */ = {isa = PBXBuildFile; fileRef = 6AD5194626E5455300339D13 /* SceneDelegate.swift */; };
		6AD5194926E5455300339D13 /* ViewController.swift in Sources */ = {isa = PBXBuildFile; fileRef = 6AD5194826E5455300339D13 /* ViewController.swift */; };
		6AD5194C26E5455300339D13 /* Main.storyboard in Resources */ = {isa = PBXBuildFile; fileRef = 6AD5194A26E5455300339D13 /* Main.storyboard */; };
		6AD5194E26E5455500339D13 /* Assets.xcassets in Resources */ = {isa = PBXBuildFile; fileRef = 6AD5194D26E5455500339D13 /* Assets.xcassets */; };
		6AD5195126E5455500339D13 /* LaunchScreen.storyboard in Resources */ = {isa = PBXBuildFile; fileRef = 6AD5194F26E5455500339D13 /* LaunchScreen.storyboard */; };
		6AD5195C26E5455500339D13 /* First_HelloWorldTests.swift in Sources */ = {isa = PBXBuildFile; fileRef = 6AD5195B26E5455500339D13 /* First_HelloWorldTests.swift */; };
		6AD5196726E5455500339D13 /* First_HelloWorldUITests.swift in Sources */ = {isa = PBXBuildFile; fileRef = 6AD5196626E5455500339D13 /* First_HelloWorldUITests.swift */; };
/* End PBXBuildFile section */

/* Begin PBXContainerItemProxy section */
		6AD5195826E5455500339D13 /* PBXContainerItemProxy */ = {
			isa = PBXContainerItemProxy;
			containerPortal = 6AD5193926E5455300339D13 /* Project object */;
			proxyType = 1;
			remoteGlobalIDString = 6AD5194026E5455300339D13;
			remoteInfo = First_HelloWorld;
		};
		6AD5196326E5455500339D13 /* PBXContainerItemProxy */ = {
			isa = PBXContainerItemProxy;
			containerPortal = 6AD5193926E5455300339D13 /* Project object */;
			proxyType = 1;
			remoteGlobalIDString = 6AD5194026E5455300339D13;
			remoteInfo = First_HelloWorld;
		};
/* End PBXContainerItemProxy section */

/* Begin PBXFileReference section */
		6AD5194126E5455300339D13 /* First_HelloWorld.app */ = {isa = PBXFileReference; explicitFileType = wrapper.application; includeInIndex = 0; path = First_HelloWorld.app; sourceTree = BUILT_PRODUCTS_DIR; };
		6AD5194426E5455300339D13 /* AppDelegate.swift */ = {isa = PBXFileReference; lastKnownFileType = sourcecode.swift; path = AppDelegate.swift; sourceTree = "<group>"; };
		6AD5194626E5455300339D13 /* SceneDelegate.swift */ = {isa = PBXFileReference; lastKnownFileType = sourcecode.swift; path = SceneDelegate.swift; sourceTree = "<group>"; };
		6AD5194826E5455300339D13 /* ViewController.swift */ = {isa = PBXFileReference; lastKnownFileType = sourcecode.swift; path = ViewController.swift; sourceTree = "<group>"; };
		6AD5194B26E5455300339D13 /* Base */ = {isa = PBXFileReference; lastKnownFileType = file.storyboard; name = Base; path = Base.lproj/Main.storyboard; sourceTree = "<group>"; };
		6AD5194D26E5455500339D13 /* Assets.xcassets */ = {isa = PBXFileReference; lastKnownFileType = folder.assetcatalog; path = Assets.xcassets; sourceTree = "<group>"; };
		6AD5195026E5455500339D13 /* Base */ = {isa = PBXFileReference; lastKnownFileType = file.storyboard; name = Base; path = Base.lproj/LaunchScreen.storyboard; sourceTree = "<group>"; };
		6AD5195226E5455500339D13 /* Info.plist */ = {isa = PBXFileReference; lastKnownFileType = text.plist.xml; path = Info.plist; sourceTree = "<group>"; };
		6AD5195726E5455500339D13 /* First_HelloWorldTests.xctest */ = {isa = PBXFileReference; explicitFileType = wrapper.cfbundle; includeInIndex = 0; path = First_HelloWorldTests.xctest; sourceTree = BUILT_PRODUCTS_DIR; };
		6AD5195B26E5455500339D13 /* First_HelloWorldTests.swift */ = {isa = PBXFileReference; lastKnownFileType = sourcecode.swift; path = First_HelloWorldTests.swift; sourceTree = "<group>"; };
		6AD5195D26E5455500339D13 /* Info.plist */ = {isa = PBXFileReference; lastKnownFileType = text.plist.xml; path = Info.plist; sourceTree = "<group>"; };
		6AD5196226E5455500339D13 /* First_HelloWorldUITests.xctest */ = {isa = PBXFileReference; explicitFileType = wrapper.cfbundle; includeInIndex = 0; path = First_HelloWorldUITests.xctest; sourceTree = BUILT_PRODUCTS_DIR; };
		6AD5196626E5455500339D13 /* First_HelloWorldUITests.swift */ = {isa = PBXFileReference; lastKnownFileType = sourcecode.swift; path = First_HelloWorldUITests.swift; sourceTree = "<group>"; };
		6AD5196826E5455500339D13 /* Info.plist */ = {isa = PBXFileReference; lastKnownFileType = text.plist.xml; path = Info.plist; sourceTree = "<group>"; };
/* End PBXFileReference section */

/* Begin PBXFrameworksBuildPhase section */
		6AD5193E26E5455300339D13 /* Frameworks */ = {
			isa = PBXFrameworksBuildPhase;
			buildActionMask = 2147483647;
			files = (
			);
			runOnlyForDeploymentPostprocessing = 0;
		};
		6AD5195426E5455500339D13 /* Frameworks */ = {
			isa = PBXFrameworksBuildPhase;
			buildActionMask = 2147483647;
			files = (
			);
			runOnlyForDeploymentPostprocessing = 0;
		};
		6AD5195F26E5455500339D13 /* Frameworks */ = {
			isa = PBXFrameworksBuildPhase;
			buildActionMask = 2147483647;
			files = (
			);
			runOnlyForDeploymentPostprocessing = 0;
		};
/* End PBXFrameworksBuildPhase section */

/* Begin PBXGroup section */
		6AD5193826E5455300339D13 = {
			isa = PBXGroup;
			children = (
				6AD5194326E5455300339D13 /* First_HelloWorld */,
				6AD5195A26E5455500339D13 /* First_HelloWorldTests */,
				6AD5196526E5455500339D13 /* First_HelloWorldUITests */,
				6AD5194226E5455300339D13 /* Products */,
			);
			sourceTree = "<group>";
		};
		6AD5194226E5455300339D13 /* Products */ = {
			isa = PBXGroup;
			children = (
				6AD5194126E5455300339D13 /* First_HelloWorld.app */,
				6AD5195726E5455500339D13 /* First_HelloWorldTests.xctest */,
				6AD5196226E5455500339D13 /* First_HelloWorldUITests.xctest */,
			);
			name = Products;
			sourceTree = "<group>";
		};
		6AD5194326E5455300339D13 /* First_HelloWorld */ = {
			isa = PBXGroup;
			children = (
				6AD5194426E5455300339D13 /* AppDelegate.swift */,
				6AD5194626E5455300339D13 /* SceneDelegate.swift */,
				6AD5194826E5455300339D13 /* ViewController.swift */,
				6AD5194A26E5455300339D13 /* Main.storyboard */,
				6AD5194D26E5455500339D13 /* Assets.xcassets */,
				6AD5194F26E5455500339D13 /* LaunchScreen.storyboard */,
				6AD5195226E5455500339D13 /* Info.plist */,
			);
			path = First_HelloWorld;
			sourceTree = "<group>";
		};
		6AD5195A26E5455500339D13 /* First_HelloWorldTests */ = {
			isa = PBXGroup;
			children = (
				6AD5195B26E5455500339D13 /* First_HelloWorldTests.swift */,
				6AD5195D26E5455500339D13 /* Info.plist */,
			);
			path = First_HelloWorldTests;
			sourceTree = "<group>";
		};
		6AD5196526E5455500339D13 /* First_HelloWorldUITests */ = {
			isa = PBXGroup;
			children = (
				6AD5196626E5455500339D13 /* First_HelloWorldUITests.swift */,
				6AD5196826E5455500339D13 /* Info.plist */,
			);
			path = First_HelloWorldUITests;
			sourceTree = "<group>";
		};
/* End PBXGroup section */

/* Begin PBXNativeTarget section */
		6AD5194026E5455300339D13 /* First_HelloWorld */ = {
			isa = PBXNativeTarget;
			buildConfigurationList = 6AD5196B26E5455500339D13 /* Build configuration list for PBXNativeTarget "First_HelloWorld" */;
			buildPhases = (
				6AD5193D26E5455300339D13 /* Sources */,
				6AD5193E26E5455300339D13 /* Frameworks */,
				6AD5193F26E5455300339D13 /* Resources */,
			);
			buildRules = (
			);
			dependencies = (
			);
			name = First_HelloWorld;
			productName = First_HelloWorld;
			productReference = 6AD5194126E5455300339D13 /* First_HelloWorld.app */;
			productType = "com.apple.product-type.application";
		};
		6AD5195626E5455500339D13 /* First_HelloWorldTests */ = {
			isa = PBXNativeTarget;
			buildConfigurationList = 6AD5196E26E5455500339D13 /* Build configuration list for PBXNativeTarget "First_HelloWorldTests" */;
			buildPhases = (
				6AD5195326E5455500339D13 /* Sources */,
				6AD5195426E5455500339D13 /* Frameworks */,
				6AD5195526E5455500339D13 /* Resources */,
			);
			buildRules = (
			);
			dependencies = (
				6AD5195926E5455500339D13 /* PBXTargetDependency */,
			);
			name = First_HelloWorldTests;
			productName = First_HelloWorldTests;
			productReference = 6AD5195726E5455500339D13 /* First_HelloWorldTests.xctest */;
			productType = "com.apple.product-type.bundle.unit-test";
		};
		6AD5196126E5455500339D13 /* First_HelloWorldUITests */ = {
			isa = PBXNativeTarget;
			buildConfigurationList = 6AD5197126E5455500339D13 /* Build configuration list for PBXNativeTarget "First_HelloWorldUITests" */;
			buildPhases = (
				6AD5195E26E5455500339D13 /* Sources */,
				6AD5195F26E5455500339D13 /* Frameworks */,
				6AD5196026E5455500339D13 /* Resources */,
			);
			buildRules = (
			);
			dependencies = (
				6AD5196426E5455500339D13 /* PBXTargetDependency */,
			);
			name = First_HelloWorldUITests;
			productName = First_HelloWorldUITests;
			productReference = 6AD5196226E5455500339D13 /* First_HelloWorldUITests.xctest */;
			productType = "com.apple.product-type.bundle.ui-testing";
		};
/* End PBXNativeTarget section */

/* Begin PBXProject section */
		6AD5193926E5455300339D13 /* Project object */ = {
			isa = PBXProject;
			attributes = {
				LastSwiftUpdateCheck = 1250;
				LastUpgradeCheck = 1250;
				TargetAttributes = {
					6AD5194026E5455300339D13 = {
						CreatedOnToolsVersion = 12.5.1;
					};
					6AD5195626E5455500339D13 = {
						CreatedOnToolsVersion = 12.5.1;
						TestTargetID = 6AD5194026E5455300339D13;
					};
					6AD5196126E5455500339D13 = {
						CreatedOnToolsVersion = 12.5.1;
						TestTargetID = 6AD5194026E5455300339D13;
					};
				};
			};
			buildConfigurationList = 6AD5193C26E5455300339D13 /* Build configuration list for PBXProject "First_HelloWorld" */;
			compatibilityVersion = "Xcode 9.3";
			developmentRegion = en;
			hasScannedForEncodings = 0;
			knownRegions = (
				en,
				Base,
			);
			mainGroup = 6AD5193826E5455300339D13;
			productRefGroup = 6AD5194226E5455300339D13 /* Products */;
			projectDirPath = "";
			projectRoot = "";
			targets = (
				6AD5194026E5455300339D13 /* First_HelloWorld */,
				6AD5195626E5455500339D13 /* First_HelloWorldTests */,
				6AD5196126E5455500339D13 /* First_HelloWorldUITests */,
			);
		};
/* End PBXProject section */

/* Begin PBXResourcesBuildPhase section */
		6AD5193F26E5455300339D13 /* Resources */ = {
			isa = PBXResourcesBuildPhase;
			buildActionMask = 2147483647;
			files = (
				6AD5195126E5455500339D13 /* LaunchScreen.storyboard in Resources */,
				6AD5194E26E5455500339D13 /* Assets.xcassets in Resources */,
				6AD5194C26E5455300339D13 /* Main.storyboard in Resources */,
			);
			runOnlyForDeploymentPostprocessing = 0;
		};
		6AD5195526E5455500339D13 /* Resources */ = {
			isa = PBXResourcesBuildPhase;
			buildActionMask = 2147483647;
			files = (
			);
			runOnlyForDeploymentPostprocessing = 0;
		};
		6AD5196026E5455500339D13 /* Resources */ = {
			isa = PBXResourcesBuildPhase;
			buildActionMask = 2147483647;
			files = (
			);
			runOnlyForDeploymentPostprocessing = 0;
		};
/* End PBXResourcesBuildPhase section */

/* Begin PBXSourcesBuildPhase section */
		6AD5193D26E5455300339D13 /* Sources */ = {
			isa = PBXSourcesBuildPhase;
			buildActionMask = 2147483647;
			files = (
				6AD5194926E5455300339D13 /* ViewController.swift in Sources */,
				6AD5194526E5455300339D13 /* AppDelegate.swift in Sources */,
				6AD5194726E5455300339D13 /* SceneDelegate.swift in Sources */,
			);
			runOnlyForDeploymentPostprocessing = 0;
		};
		6AD5195326E5455500339D13 /* Sources */ = {
			isa = PBXSourcesBuildPhase;
			buildActionMask = 2147483647;
			files = (
				6AD5195C26E5455500339D13 /* First_HelloWorldTests.swift in Sources */,
			);
			runOnlyForDeploymentPostprocessing = 0;
		};
		6AD5195E26E5455500339D13 /* Sources */ = {
			isa = PBXSourcesBuildPhase;
			buildActionMask = 2147483647;
			files = (
				6AD5196726E5455500339D13 /* First_HelloWorldUITests.swift in Sources */,
			);
			runOnlyForDeploymentPostprocessing = 0;
		};
/* End PBXSourcesBuildPhase section */

/* Begin PBXTargetDependency section */
		6AD5195926E5455500339D13 /* PBXTargetDependency */ = {
			isa = PBXTargetDependency;
			target = 6AD5194026E5455300339D13 /* First_HelloWorld */;
			targetProxy = 6AD5195826E5455500339D13 /* PBXContainerItemProxy */;
		};
		6AD5196426E5455500339D13 /* PBXTargetDependency */ = {
			isa = PBXTargetDependency;
			target = 6AD5194026E5455300339D13 /* First_HelloWorld */;
			targetProxy = 6AD5196326E5455500339D13 /* PBXContainerItemProxy */;
		};
/* End PBXTargetDependency section */

/* Begin PBXVariantGroup section */
		6AD5194A26E5455300339D13 /* Main.storyboard */ = {
			isa = PBXVariantGroup;
			children = (
				6AD5194B26E5455300339D13 /* Base */,
			);
			name = Main.storyboard;
			sourceTree = "<group>";
		};
		6AD5194F26E5455500339D13 /* LaunchScreen.storyboard */ = {
			isa = PBXVariantGroup;
			children = (
				6AD5195026E5455500339D13 /* Base */,
			);
			name = LaunchScreen.storyboard;
			sourceTree = "<group>";
		};
/* End PBXVariantGroup section */

/* Begin XCBuildConfiguration section */
		6AD5196926E5455500339D13 /* Debug */ = {
			isa = XCBuildConfiguration;
			buildSettings = {
				ALWAYS_SEARCH_USER_PATHS = NO;
				CLANG_ANALYZER_NONNULL = YES;
				CLANG_ANALYZER_NUMBER_OBJECT_CONVERSION = YES_AGGRESSIVE;
				CLANG_CXX_LANGUAGE_STANDARD = "gnu++14";
				CLANG_CXX_LIBRARY = "libc++";
				CLANG_ENABLE_MODULES = YES;
				CLANG_ENABLE_OBJC_ARC = YES;
				CLANG_ENABLE_OBJC_WEAK = YES;
				CLANG_WARN_BLOCK_CAPTURE_AUTORELEASING = YES;
				CLANG_WARN_BOOL_CONVERSION = YES;
				CLANG_WARN_COMMA = YES;
				CLANG_WARN_CONSTANT_CONVERSION = YES;
				CLANG_WARN_DEPRECATED_OBJC_IMPLEMENTATIONS = YES;
				CLANG_WARN_DIRECT_OBJC_ISA_USAGE = YES_ERROR;
				CLANG_WARN_DOCUMENTATION_COMMENTS = YES;
				CLANG_WARN_EMPTY_BODY = YES;
				CLANG_WARN_ENUM_CONVERSION = YES;
				CLANG_WARN_INFINITE_RECURSION = YES;
				CLANG_WARN_INT_CONVERSION = YES;
				CLANG_WARN_NON_LITERAL_NULL_CONVERSION = YES;
				CLANG_WARN_OBJC_IMPLICIT_RETAIN_SELF = YES;
				CLANG_WARN_OBJC_LITERAL_CONVERSION = YES;
				CLANG_WARN_OBJC_ROOT_CLASS = YES_ERROR;
				CLANG_WARN_QUOTED_INCLUDE_IN_FRAMEWORK_HEADER = YES;
				CLANG_WARN_RANGE_LOOP_ANALYSIS = YES;
				CLANG_WARN_STRICT_PROTOTYPES = YES;
				CLANG_WARN_SUSPICIOUS_MOVE = YES;
				CLANG_WARN_UNGUARDED_AVAILABILITY = YES_AGGRESSIVE;
				CLANG_WARN_UNREACHABLE_CODE = YES;
				CLANG_WARN__DUPLICATE_METHOD_MATCH = YES;
				COPY_PHASE_STRIP = NO;
				DEBUG_INFORMATION_FORMAT = dwarf;
				ENABLE_STRICT_OBJC_MSGSEND = YES;
				ENABLE_TESTABILITY = YES;
				GCC_C_LANGUAGE_STANDARD = gnu11;
				GCC_DYNAMIC_NO_PIC = NO;
				GCC_NO_COMMON_BLOCKS = YES;
				GCC_OPTIMIZATION_LEVEL = 0;
				GCC_PREPROCESSOR_DEFINITIONS = (
					"DEBUG=1",
					"$(inherited)",
				);
				GCC_WARN_64_TO_32_BIT_CONVERSION = YES;
				GCC_WARN_ABOUT_RETURN_TYPE = YES_ERROR;
				GCC_WARN_UNDECLARED_SELECTOR = YES;
				GCC_WARN_UNINITIALIZED_AUTOS = YES_AGGRESSIVE;
				GCC_WARN_UNUSED_FUNCTION = YES;
				GCC_WARN_UNUSED_VARIABLE = YES;
				IPHONEOS_DEPLOYMENT_TARGET = 14.5;
				MTL_ENABLE_DEBUG_INFO = INCLUDE_SOURCE;
				MTL_FAST_MATH = YES;
				ONLY_ACTIVE_ARCH = YES;
				SDKROOT = iphoneos;
				SWIFT_ACTIVE_COMPILATION_CONDITIONS = DEBUG;
				SWIFT_OPTIMIZATION_LEVEL = "-Onone";
			};
			name = Debug;
		};
		6AD5196A26E5455500339D13 /* Release */ = {
			isa = XCBuildConfiguration;
			buildSettings = {
				ALWAYS_SEARCH_USER_PATHS = NO;
				CLANG_ANALYZER_NONNULL = YES;
				CLANG_ANALYZER_NUMBER_OBJECT_CONVERSION = YES_AGGRESSIVE;
				CLANG_CXX_LANGUAGE_STANDARD = "gnu++14";
				CLANG_CXX_LIBRARY = "libc++";
				CLANG_ENABLE_MODULES = YES;
				CLANG_ENABLE_OBJC_ARC = YES;
				CLANG_ENABLE_OBJC_WEAK = YES;
				CLANG_WARN_BLOCK_CAPTURE_AUTORELEASING = YES;
				CLANG_WARN_BOOL_CONVERSION = YES;
				CLANG_WARN_COMMA = YES;
				CLANG_WARN_CONSTANT_CONVERSION = YES;
				CLANG_WARN_DEPRECATED_OBJC_IMPLEMENTATIONS = YES;
				CLANG_WARN_DIRECT_OBJC_ISA_USAGE = YES_ERROR;
				CLANG_WARN_DOCUMENTATION_COMMENTS = YES;
				CLANG_WARN_EMPTY_BODY = YES;
				CLANG_WARN_ENUM_CONVERSION = YES;
				CLANG_WARN_INFINITE_RECURSION = YES;
				CLANG_WARN_INT_CONVERSION = YES;
				CLANG_WARN_NON_LITERAL_NULL_CONVERSION = YES;
				CLANG_WARN_OBJC_IMPLICIT_RETAIN_SELF = YES;
				CLANG_WARN_OBJC_LITERAL_CONVERSION = YES;
				CLANG_WARN_OBJC_ROOT_CLASS = YES_ERROR;
				CLANG_WARN_QUOTED_INCLUDE_IN_FRAMEWORK_HEADER = YES;
				CLANG_WARN_RANGE_LOOP_ANALYSIS = YES;
				CLANG_WARN_STRICT_PROTOTYPES = YES;
				CLANG_WARN_SUSPICIOUS_MOVE = YES;
				CLANG_WARN_UNGUARDED_AVAILABILITY = YES_AGGRESSIVE;
				CLANG_WARN_UNREACHABLE_CODE = YES;
				CLANG_WARN__DUPLICATE_METHOD_MATCH = YES;
				COPY_PHASE_STRIP = NO;
				DEBUG_INFORMATION_FORMAT = "dwarf-with-dsym";
				ENABLE_NS_ASSERTIONS = NO;
				ENABLE_STRICT_OBJC_MSGSEND = YES;
				GCC_C_LANGUAGE_STANDARD = gnu11;
				GCC_NO_COMMON_BLOCKS = YES;
				GCC_WARN_64_TO_32_BIT_CONVERSION = YES;
				GCC_WARN_ABOUT_RETURN_TYPE = YES_ERROR;
				GCC_WARN_UNDECLARED_SELECTOR = YES;
				GCC_WARN_UNINITIALIZED_AUTOS = YES_AGGRESSIVE;
				GCC_WARN_UNUSED_FUNCTION = YES;
				GCC_WARN_UNUSED_VARIABLE = YES;
				IPHONEOS_DEPLOYMENT_TARGET = 14.5;
				MTL_ENABLE_DEBUG_INFO = NO;
				MTL_FAST_MATH = YES;
				SDKROOT = iphoneos;
				SWIFT_COMPILATION_MODE = wholemodule;
				SWIFT_OPTIMIZATION_LEVEL = "-O";
				VALIDATE_PRODUCT = YES;
			};
			name = Release;
		};
		6AD5196C26E5455500339D13 /* Debug */ = {
			isa = XCBuildConfiguration;
			buildSettings = {
				ASSETCATALOG_COMPILER_APPICON_NAME = AppIcon;
				ASSETCATALOG_COMPILER_GLOBAL_ACCENT_COLOR_NAME = AccentColor;
				CODE_SIGN_STYLE = Automatic;
				INFOPLIST_FILE = First_HelloWorld/Info.plist;
				LD_RUNPATH_SEARCH_PATHS = (
					"$(inherited)",
					"@executable_path/Frameworks",
				);
				PRODUCT_BUNDLE_IDENTIFIER = "Isaac.First-HelloWorld";
				PRODUCT_NAME = "$(TARGET_NAME)";
				SWIFT_VERSION = 5.0;
				TARGETED_DEVICE_FAMILY = "1,2";
			};
			name = Debug;
		};
		6AD5196D26E5455500339D13 /* Release */ = {
			isa = XCBuildConfiguration;
			buildSettings = {
				ASSETCATALOG_COMPILER_APPICON_NAME = AppIcon;
				ASSETCATALOG_COMPILER_GLOBAL_ACCENT_COLOR_NAME = AccentColor;
				CODE_SIGN_STYLE = Automatic;
				INFOPLIST_FILE = First_HelloWorld/Info.plist;
				LD_RUNPATH_SEARCH_PATHS = (
					"$(inherited)",
					"@executable_path/Frameworks",
				);
				PRODUCT_BUNDLE_IDENTIFIER = "Isaac.First-HelloWorld";
				PRODUCT_NAME = "$(TARGET_NAME)";
				SWIFT_VERSION = 5.0;
				TARGETED_DEVICE_FAMILY = "1,2";
			};
			name = Release;
		};
		6AD5196F26E5455500339D13 /* Debug */ = {
			isa = XCBuildConfiguration;
			buildSettings = {
				ALWAYS_EMBED_SWIFT_STANDARD_LIBRARIES = YES;
				BUNDLE_LOADER = "$(TEST_HOST)";
				CODE_SIGN_STYLE = Automatic;
				INFOPLIST_FILE = First_HelloWorldTests/Info.plist;
				IPHONEOS_DEPLOYMENT_TARGET = 14.5;
				LD_RUNPATH_SEARCH_PATHS = (
					"$(inherited)",
					"@executable_path/Frameworks",
					"@loader_path/Frameworks",
				);
				PRODUCT_BUNDLE_IDENTIFIER = "Isaac.First-HelloWorldTests";
				PRODUCT_NAME = "$(TARGET_NAME)";
				SWIFT_VERSION = 5.0;
				TARGETED_DEVICE_FAMILY = "1,2";
				TEST_HOST = "$(BUILT_PRODUCTS_DIR)/First_HelloWorld.app/First_HelloWorld";
			};
			name = Debug;
		};
		6AD5197026E5455500339D13 /* Release */ = {
			isa = XCBuildConfiguration;
			buildSettings = {
				ALWAYS_EMBED_SWIFT_STANDARD_LIBRARIES = YES;
				BUNDLE_LOADER = "$(TEST_HOST)";
				CODE_SIGN_STYLE = Automatic;
				INFOPLIST_FILE = First_HelloWorldTests/Info.plist;
				IPHONEOS_DEPLOYMENT_TARGET = 14.5;
				LD_RUNPATH_SEARCH_PATHS = (
					"$(inherited)",
					"@executable_path/Frameworks",
					"@loader_path/Frameworks",
				);
				PRODUCT_BUNDLE_IDENTIFIER = "Isaac.First-HelloWorldTests";
				PRODUCT_NAME = "$(TARGET_NAME)";
				SWIFT_VERSION = 5.0;
				TARGETED_DEVICE_FAMILY = "1,2";
				TEST_HOST = "$(BUILT_PRODUCTS_DIR)/First_HelloWorld.app/First_HelloWorld";
			};
			name = Release;
		};
		6AD5197226E5455500339D13 /* Debug */ = {
			isa = XCBuildConfiguration;
			buildSettings = {
				ALWAYS_EMBED_SWIFT_STANDARD_LIBRARIES = YES;
				CODE_SIGN_STYLE = Automatic;
				INFOPLIST_FILE = First_HelloWorldUITests/Info.plist;
				LD_RUNPATH_SEARCH_PATHS = (
					"$(inherited)",
					"@executable_path/Frameworks",
					"@loader_path/Frameworks",
				);
				PRODUCT_BUNDLE_IDENTIFIER = "Isaac.First-HelloWorldUITests";
				PRODUCT_NAME = "$(TARGET_NAME)";
				SWIFT_VERSION = 5.0;
				TARGETED_DEVICE_FAMILY = "1,2";
				TEST_TARGET_NAME = First_HelloWorld;
			};
			name = Debug;
		};
		6AD5197326E5455500339D13 /* Release */ = {
			isa = XCBuildConfiguration;
			buildSettings = {
				ALWAYS_EMBED_SWIFT_STANDARD_LIBRARIES = YES;
				CODE_SIGN_STYLE = Automatic;
				INFOPLIST_FILE = First_HelloWorldUITests/Info.plist;
				LD_RUNPATH_SEARCH_PATHS = (
					"$(inherited)",
					"@executable_path/Frameworks",
					"@loader_path/Frameworks",
				);
				PRODUCT_BUNDLE_IDENTIFIER = "Isaac.First-HelloWorldUITests";
				PRODUCT_NAME = "$(TARGET_NAME)";
				SWIFT_VERSION = 5.0;
				TARGETED_DEVICE_FAMILY = "1,2";
				TEST_TARGET_NAME = First_HelloWorld;
			};
			name = Release;
		};
/* End XCBuildConfiguration section */

/* Begin XCConfigurationList section */
		6AD5193C26E5455300339D13 /* Build configuration list for PBXProject "First_HelloWorld" */ = {
			isa = XCConfigurationList;
			buildConfigurations = (
				6AD5196926E5455500339D13 /* Debug */,
				6AD5196A26E5455500339D13 /* Release */,
			);
			defaultConfigurationIsVisible = 0;
			defaultConfigurationName = Release;
		};
		6AD5196B26E5455500339D13 /* Build configuration list for PBXNativeTarget "First_HelloWorld" */ = {
			isa = XCConfigurationList;
			buildConfigurations = (
				6AD5196C26E5455500339D13 /* Debug */,
				6AD5196D26E5455500339D13 /* Release */,
			);
			defaultConfigurationIsVisible = 0;
			defaultConfigurationName = Release;
		};
		6AD5196E26E5455500339D13 /* Build configuration list for PBXNativeTarget "First_HelloWorldTests" */ = {
			isa = XCConfigurationList;
			buildConfigurations = (
				6AD5196F26E5455500339D13 /* Debug */,
				6AD5197026E5455500339D13 /* Release */,
			);
			defaultConfigurationIsVisible = 0;
			defaultConfigurationName = Release;
		};
		6AD5197126E5455500339D13 /* Build configuration list for PBXNativeTarget "First_HelloWorldUITests" */ = {
			isa = XCConfigurationList;
			buildConfigurations = (
				6AD5197226E5455500339D13 /* Debug */,
				6AD5197326E5455500339D13 /* Release */,
			);
			defaultConfigurationIsVisible = 0;
			defaultConfigurationName = Release;
		};
/* End XCConfigurationList section */
	};
	rootObject = 6AD5193926E5455300339D13 /* Project object */;
}
